
Microsoft Visual Studio Solution File, Format Version 12.00
# Visual Studio Version 17
VisualStudioVersion = 17.6.33815.320
MinimumVisualStudioVersion = 10.0.40219.1
Project("{2150E333-8FDC-42A3-9474-1A3956D46DE8}") = "Doc", "Doc", "{A3283EDB-7424-46D0-B015-A6E55B6BFB76}"
EndProject
Project("{2150E333-8FDC-42A3-9474-1A3956D46DE8}") = "Src", "Src", "{C077D0C9-F3E1-4E29-983D-687418E042DE}"
EndProject
Project("{2150E333-8FDC-42A3-9474-1A3956D46DE8}") = "Test", "Test", "{23502591-972F-448F-B0F4-DCE94B6B7EC5}"
EndProject
Project("{2150E333-8FDC-42A3-9474-1A3956D46DE8}") = "Common", "Common", "{A5AACB8A-7FAB-492B-A26E-0E22F9A6629F}"
EndProject
Project("{2150E333-8FDC-42A3-9474-1A3956D46DE8}") = "Core", "Core", "{A74D76C0-C91A-4850-85D8-4B5DC062B0E1}"
EndProject
Project("{2150E333-8FDC-42A3-9474-1A3956D46DE8}") = "Infrastructure", "Infrastructure", "{9FAC3EEC-7BD3-44B0-AC04-066D14FE82D7}"
EndProject
Project("{2150E333-8FDC-42A3-9474-1A3956D46DE8}") = "Presentation", "Presentation", "{9682885E-862E-4AD8-96A3-4DA1140AD873}"
EndProject
Project("{FAE04EC0-301F-11D3-BF4B-00C04F79EFBC}") = "Application", "Application\Application.csproj", "{17DF6A5E-1538-4FF7-AC86-39F6C9754F77}"
EndProject
Project("{FAE04EC0-301F-11D3-BF4B-00C04F79EFBC}") = "Common", "Common\Common.csproj", "{4D077BFE-E376-4F6E-A587-BE123800242D}"
EndProject
Project("{FAE04EC0-301F-11D3-BF4B-00C04F79EFBC}") = "Domain", "Domain\Domain.csproj", "{ADED49F4-5BE5-4DC5-8E67-11A537FC36FE}"
EndProject
Project("{FAE04EC0-301F-11D3-BF4B-00C04F79EFBC}") = "Infrastructure", "Infrastructure\Infrastructure.csproj", "{E1F4250E-15EC-4207-9654-2B15E305EC08}"
EndProject
Project("{FAE04EC0-301F-11D3-BF4B-00C04F79EFBC}") = "Persistence", "Persistence\Persistence.csproj", "{8172A292-746F-403B-8544-1C6FFCAF6D22}"
EndProject
Project("{FAE04EC0-301F-11D3-BF4B-00C04F79EFBC}") = "EndPoint.Api", "EndPoint.Api\EndPoint.Api.csproj", "{23B21339-B377-4AC8-BBBB-165ADB9A5289}"
EndProject
Global
	GlobalSection(SolutionConfigurationPlatforms) = preSolution
		Debug|Any CPU = Debug|Any CPU
		Release|Any CPU = Release|Any CPU
	EndGlobalSection
	GlobalSection(ProjectConfigurationPlatforms) = postSolution
		{17DF6A5E-1538-4FF7-AC86-39F6C9754F77}.Debug|Any CPU.ActiveCfg = Debug|Any CPU
		{17DF6A5E-1538-4FF7-AC86-39F6C9754F77}.Debug|Any CPU.Build.0 = Debug|Any CPU
		{17DF6A5E-1538-4FF7-AC86-39F6C9754F77}.Release|Any CPU.ActiveCfg = Release|Any CPU
		{17DF6A5E-1538-4FF7-AC86-39F6C9754F77}.Release|Any CPU.Build.0 = Release|Any CPU
		{4D077BFE-E376-4F6E-A587-BE123800242D}.Debug|Any CPU.ActiveCfg = Debug|Any CPU
		{4D077BFE-E376-4F6E-A587-BE123800242D}.Debug|Any CPU.Build.0 = Debug|Any CPU
		{4D077BFE-E376-4F6E-A587-BE123800242D}.Release|Any CPU.ActiveCfg = Release|Any CPU
		{4D077BFE-E376-4F6E-A587-BE123800242D}.Release|Any CPU.Build.0 = Release|Any CPU
		{ADED49F4-5BE5-4DC5-8E67-11A537FC36FE}.Debug|Any CPU.ActiveCfg = Debug|Any CPU
		{ADED49F4-5BE5-4DC5-8E67-11A537FC36FE}.Debug|Any CPU.Build.0 = Debug|Any CPU
		{ADED49F4-5BE5-4DC5-8E67-11A537FC36FE}.Release|Any CPU.ActiveCfg = Release|Any CPU
		{ADED49F4-5BE5-4DC5-8E67-11A537FC36FE}.Release|Any CPU.Build.0 = Release|Any CPU
		{E1F4250E-15EC-4207-9654-2B15E305EC08}.Debug|Any CPU.ActiveCfg = Debug|Any CPU
		{E1F4250E-15EC-4207-9654-2B15E305EC08}.Debug|Any CPU.Build.0 = Debug|Any CPU
		{E1F4250E-15EC-4207-9654-2B15E305EC08}.Release|Any CPU.ActiveCfg = Release|Any CPU
		{E1F4250E-15EC-4207-9654-2B15E305EC08}.Release|Any CPU.Build.0 = Release|Any CPU
		{8172A292-746F-403B-8544-1C6FFCAF6D22}.Debug|Any CPU.ActiveCfg = Debug|Any CPU
		{8172A292-746F-403B-8544-1C6FFCAF6D22}.Debug|Any CPU.Build.0 = Debug|Any CPU
		{8172A292-746F-403B-8544-1C6FFCAF6D22}.Release|Any CPU.ActiveCfg = Release|Any CPU
		{8172A292-746F-403B-8544-1C6FFCAF6D22}.Release|Any CPU.Build.0 = Release|Any CPU
		{23B21339-B377-4AC8-BBBB-165ADB9A5289}.Debug|Any CPU.ActiveCfg = Debug|Any CPU
		{23B21339-B377-4AC8-BBBB-165ADB9A5289}.Debug|Any CPU.Build.0 = Debug|Any CPU
		{23B21339-B377-4AC8-BBBB-165ADB9A5289}.Release|Any CPU.ActiveCfg = Release|Any CPU
		{23B21339-B377-4AC8-BBBB-165ADB9A5289}.Release|Any CPU.Build.0 = Release|Any CPU
	EndGlobalSection
	GlobalSection(SolutionProperties) = preSolution
		HideSolutionNode = FALSE
	EndGlobalSection
	GlobalSection(NestedProjects) = preSolution
		{A5AACB8A-7FAB-492B-A26E-0E22F9A6629F} = {C077D0C9-F3E1-4E29-983D-687418E042DE}
		{A74D76C0-C91A-4850-85D8-4B5DC062B0E1} = {C077D0C9-F3E1-4E29-983D-687418E042DE}
		{9FAC3EEC-7BD3-44B0-AC04-066D14FE82D7} = {C077D0C9-F3E1-4E29-983D-687418E042DE}
		{9682885E-862E-4AD8-96A3-4DA1140AD873} = {C077D0C9-F3E1-4E29-983D-687418E042DE}
		{17DF6A5E-1538-4FF7-AC86-39F6C9754F77} = {A74D76C0-C91A-4850-85D8-4B5DC062B0E1}
		{4D077BFE-E376-4F6E-A587-BE123800242D} = {A5AACB8A-7FAB-492B-A26E-0E22F9A6629F}
		{ADED49F4-5BE5-4DC5-8E67-11A537FC36FE} = {A74D76C0-C91A-4850-85D8-4B5DC062B0E1}
		{E1F4250E-15EC-4207-9654-2B15E305EC08} = {9FAC3EEC-7BD3-44B0-AC04-066D14FE82D7}
		{8172A292-746F-403B-8544-1C6FFCAF6D22} = {9FAC3EEC-7BD3-44B0-AC04-066D14FE82D7}
		{23B21339-B377-4AC8-BBBB-165ADB9A5289} = {9682885E-862E-4AD8-96A3-4DA1140AD873}
	EndGlobalSection
	GlobalSection(ExtensibilityGlobals) = postSolution
		SolutionGuid = {C4A16DC1-DADE-4B0E-9B60-267196552CDF}
	EndGlobalSection
EndGlobal
